
Microsoft Visual Studio Solution File, Format Version 12.00
# Visual Studio Version 17
VisualStudioVersion = 17.7.34031.279
MinimumVisualStudioVersion = 10.0.40219.1
Project("{FAE04EC0-301F-11D3-BF4B-00C04F79EFBC}") = "UEH_ChaCorner", "UEH_ChaCorner.csproj", "{928D3BA7-F73A-4699-80B6-AC9BD9BFE0C2}"
EndProject
Project("{FAE04EC0-301F-11D3-BF4B-00C04F79EFBC}") = "BLL", "BLL\BLL.csproj", "{3A6F7E07-8615-4AC4-8705-BE3A423474F4}"
EndProject
Project("{FAE04EC0-301F-11D3-BF4B-00C04F79EFBC}") = "DTO", "DTO\DTO.csproj", "{591DC693-9731-470F-AD57-5D4069B7A62C}"
EndProject
Project("{FAE04EC0-301F-11D3-BF4B-00C04F79EFBC}") = "DAL", "DAL\DAL.csproj", "{39DF1C1D-5891-4205-8048-82C1AEDA144E}"
EndProject
Global
	GlobalSection(SolutionConfigurationPlatforms) = preSolution
		Debug|Any CPU = Debug|Any CPU
		Release|Any CPU = Release|Any CPU
	EndGlobalSection
	GlobalSection(ProjectConfigurationPlatforms) = postSolution
		{928D3BA7-F73A-4699-80B6-AC9BD9BFE0C2}.Debug|Any CPU.ActiveCfg = Debug|Any CPU
		{928D3BA7-F73A-4699-80B6-AC9BD9BFE0C2}.Debug|Any CPU.Build.0 = Debug|Any CPU
		{928D3BA7-F73A-4699-80B6-AC9BD9BFE0C2}.Release|Any CPU.ActiveCfg = Release|Any CPU
		{928D3BA7-F73A-4699-80B6-AC9BD9BFE0C2}.Release|Any CPU.Build.0 = Release|Any CPU
		{3A6F7E07-8615-4AC4-8705-BE3A423474F4}.Debug|Any CPU.ActiveCfg = Debug|Any CPU
		{3A6F7E07-8615-4AC4-8705-BE3A423474F4}.Debug|Any CPU.Build.0 = Debug|Any CPU
		{3A6F7E07-8615-4AC4-8705-BE3A423474F4}.Release|Any CPU.ActiveCfg = Release|Any CPU
		{3A6F7E07-8615-4AC4-8705-BE3A423474F4}.Release|Any CPU.Build.0 = Release|Any CPU
		{591DC693-9731-470F-AD57-5D4069B7A62C}.Debug|Any CPU.ActiveCfg = Debug|Any CPU
		{591DC693-9731-470F-AD57-5D4069B7A62C}.Debug|Any CPU.Build.0 = Debug|Any CPU
		{591DC693-9731-470F-AD57-5D4069B7A62C}.Release|Any CPU.ActiveCfg = Release|Any CPU
		{591DC693-9731-470F-AD57-5D4069B7A62C}.Release|Any CPU.Build.0 = Release|Any CPU
		{39DF1C1D-5891-4205-8048-82C1AEDA144E}.Debug|Any CPU.ActiveCfg = Debug|Any CPU
		{39DF1C1D-5891-4205-8048-82C1AEDA144E}.Debug|Any CPU.Build.0 = Debug|Any CPU
		{39DF1C1D-5891-4205-8048-82C1AEDA144E}.Release|Any CPU.ActiveCfg = Release|Any CPU
		{39DF1C1D-5891-4205-8048-82C1AEDA144E}.Release|Any CPU.Build.0 = Release|Any CPU
	EndGlobalSection
	GlobalSection(SolutionProperties) = preSolution
		HideSolutionNode = FALSE
	EndGlobalSection
	GlobalSection(ExtensibilityGlobals) = postSolution
		SolutionGuid = {3BB0D339-CB73-4E59-9E85-EBC1901152A3}
	EndGlobalSection
EndGlobal
